
Microsoft Visual Studio Solution File, Format Version 12.00
# Visual Studio 15
VisualStudioVersion = 15.0.26124.0
MinimumVisualStudioVersion = 15.0.26124.0
Project("{9A19103F-16F7-4668-BE54-9A1E7A4F7556}") = "MakeLove.App", "MakeLove.App\MakeLove.App.csproj", "{928545CE-A4D0-435D-8E81-D139FB43055B}"
EndProject
Project("{FAE04EC0-301F-11D3-BF4B-00C04F79EFBC}") = "MakeLove.Core", "MakeLove.Core\MakeLove.Core.csproj", "{5357624D-6B35-4804-9D6B-EAED0BE1D806}"
EndProject
Project("{2150E333-8FDC-42A3-9474-1A3956D46DE8}") = "Solution Items", "Solution Items", "{E5BB46D7-058C-4DC7-BF11-28DF6CA2FEAD}"
	ProjectSection(SolutionItems) = preProject
		.gitignore = .gitignore
	EndProjectSection
EndProject
Global
	GlobalSection(SolutionConfigurationPlatforms) = preSolution
		Debug|Any CPU = Debug|Any CPU
		Debug|x64 = Debug|x64
		Debug|x86 = Debug|x86
		Release|Any CPU = Release|Any CPU
		Release|x64 = Release|x64
		Release|x86 = Release|x86
	EndGlobalSection
	GlobalSection(ProjectConfigurationPlatforms) = postSolution
		{928545CE-A4D0-435D-8E81-D139FB43055B}.Debug|Any CPU.ActiveCfg = Debug|Any CPU
		{928545CE-A4D0-435D-8E81-D139FB43055B}.Debug|Any CPU.Build.0 = Debug|Any CPU
		{928545CE-A4D0-435D-8E81-D139FB43055B}.Debug|x64.ActiveCfg = Debug|Any CPU
		{928545CE-A4D0-435D-8E81-D139FB43055B}.Debug|x64.Build.0 = Debug|Any CPU
		{928545CE-A4D0-435D-8E81-D139FB43055B}.Debug|x86.ActiveCfg = Debug|Any CPU
		{928545CE-A4D0-435D-8E81-D139FB43055B}.Debug|x86.Build.0 = Debug|Any CPU
		{928545CE-A4D0-435D-8E81-D139FB43055B}.Release|Any CPU.ActiveCfg = Release|Any CPU
		{928545CE-A4D0-435D-8E81-D139FB43055B}.Release|Any CPU.Build.0 = Release|Any CPU
		{928545CE-A4D0-435D-8E81-D139FB43055B}.Release|x64.ActiveCfg = Release|Any CPU
		{928545CE-A4D0-435D-8E81-D139FB43055B}.Release|x64.Build.0 = Release|Any CPU
		{928545CE-A4D0-435D-8E81-D139FB43055B}.Release|x86.ActiveCfg = Release|Any CPU
		{928545CE-A4D0-435D-8E81-D139FB43055B}.Release|x86.Build.0 = Release|Any CPU
		{5357624D-6B35-4804-9D6B-EAED0BE1D806}.Debug|Any CPU.ActiveCfg = Debug|Any CPU
		{5357624D-6B35-4804-9D6B-EAED0BE1D806}.Debug|Any CPU.Build.0 = Debug|Any CPU
		{5357624D-6B35-4804-9D6B-EAED0BE1D806}.Debug|x64.ActiveCfg = Debug|Any CPU
		{5357624D-6B35-4804-9D6B-EAED0BE1D806}.Debug|x64.Build.0 = Debug|Any CPU
		{5357624D-6B35-4804-9D6B-EAED0BE1D806}.Debug|x86.ActiveCfg = Debug|Any CPU
		{5357624D-6B35-4804-9D6B-EAED0BE1D806}.Debug|x86.Build.0 = Debug|Any CPU
		{5357624D-6B35-4804-9D6B-EAED0BE1D806}.Release|Any CPU.ActiveCfg = Release|Any CPU
		{5357624D-6B35-4804-9D6B-EAED0BE1D806}.Release|Any CPU.Build.0 = Release|Any CPU
		{5357624D-6B35-4804-9D6B-EAED0BE1D806}.Release|x64.ActiveCfg = Release|Any CPU
		{5357624D-6B35-4804-9D6B-EAED0BE1D806}.Release|x64.Build.0 = Release|Any CPU
		{5357624D-6B35-4804-9D6B-EAED0BE1D806}.Release|x86.ActiveCfg = Release|Any CPU
		{5357624D-6B35-4804-9D6B-EAED0BE1D806}.Release|x86.Build.0 = Release|Any CPU
	EndGlobalSection
	GlobalSection(SolutionProperties) = preSolution
		HideSolutionNode = FALSE
	EndGlobalSection
	GlobalSection(ExtensibilityGlobals) = postSolution
		SolutionGuid = {14A801EA-F54F-4191-997B-1F01B9A08138}
	EndGlobalSection
EndGlobal
